
Microsoft Visual Studio Solution File, Format Version 12.00
# Visual Studio Version 16
VisualStudioVersion = 16.0.28917.181
MinimumVisualStudioVersion = 10.0.40219.1
Project("{8BC9CEB8-8B4A-11D0-8D11-00A0C91BC942}") = "Week7Demo", "Week7Demo.vcxproj", "{09CB7E1B-1F52-403D-B729-4CB4FE26FF59}"
EndProject
Global
	GlobalSection(SolutionConfigurationPlatforms) = preSolution
		Debug|x64 = Debug|x64
		Debug|x86 = Debug|x86
		Release|x64 = Release|x64
		Release|x86 = Release|x86
	EndGlobalSection
	GlobalSection(ProjectConfigurationPlatforms) = postSolution
		{09CB7E1B-1F52-403D-B729-4CB4FE26FF59}.Debug|x64.ActiveCfg = Debug|x64
		{09CB7E1B-1F52-403D-B729-4CB4FE26FF59}.Debug|x64.Build.0 = Debug|x64
		{09CB7E1B-1F52-403D-B729-4CB4FE26FF59}.Debug|x86.ActiveCfg = Debug|Win32
		{09CB7E1B-1F52-403D-B729-4CB4FE26FF59}.Debug|x86.Build.0 = Debug|Win32
		{09CB7E1B-1F52-403D-B729-4CB4FE26FF59}.Release|x64.ActiveCfg = Release|x64
		{09CB7E1B-1F52-403D-B729-4CB4FE26FF59}.Release|x64.Build.0 = Release|x64
		{09CB7E1B-1F52-403D-B729-4CB4FE26FF59}.Release|x86.ActiveCfg = Release|Win32
		{09CB7E1B-1F52-403D-B729-4CB4FE26FF59}.Release|x86.Build.0 = Release|Win32
	EndGlobalSection
	GlobalSection(SolutionProperties) = preSolution
		HideSolutionNode = FALSE
	EndGlobalSection
	GlobalSection(ExtensibilityGlobals) = postSolution
		SolutionGuid = {92668D64-CD85-4788-A0A9-EA12B6B4E256}
	EndGlobalSection
EndGlobal
